
Microsoft Visual Studio Solution File, Format Version 12.00
# Visual Studio Version 17
VisualStudioVersion = 17.9.34607.119
MinimumVisualStudioVersion = 10.0.40219.1
Project("{FAE04EC0-301F-11D3-BF4B-00C04F79EFBC}") = "Functionoverloading", "Functionoverloading.csproj", "{74704307-31BF-4053-BB16-E6AC861F6FC7}"
EndProject
Global
	GlobalSection(SolutionConfigurationPlatforms) = preSolution
		Debug|Any CPU = Debug|Any CPU
		Release|Any CPU = Release|Any CPU
	EndGlobalSection
	GlobalSection(ProjectConfigurationPlatforms) = postSolution
		{74704307-31BF-4053-BB16-E6AC861F6FC7}.Debug|Any CPU.ActiveCfg = Debug|Any CPU
		{74704307-31BF-4053-BB16-E6AC861F6FC7}.Debug|Any CPU.Build.0 = Debug|Any CPU
		{74704307-31BF-4053-BB16-E6AC861F6FC7}.Release|Any CPU.ActiveCfg = Release|Any CPU
		{74704307-31BF-4053-BB16-E6AC861F6FC7}.Release|Any CPU.Build.0 = Release|Any CPU
	EndGlobalSection
	GlobalSection(SolutionProperties) = preSolution
		HideSolutionNode = FALSE
	EndGlobalSection
	GlobalSection(ExtensibilityGlobals) = postSolution
		SolutionGuid = {1C27E88B-3147-485A-B701-CF1A678085ED}
	EndGlobalSection
EndGlobal
